<?xml version="1.0" encoding="utf-8"?>
<Project ToolsVersion="4.0" xmlns="http://schemas.microsoft.com/developer/msbuild/2003">
  <ItemGroup>
    <Filter Include="Source Files">
      <UniqueIdentifier>{4FC737F1-C7A5-4376-A066-2A32D752A2FF}</UniqueIdentifier>
      <Extensions>cpp;c;cc;cxx;c++;cppm;ixx;def;odl;idl;hpj;bat;asm;asmx</Extensions>
    </Filter>
    <Filter Include="Header Files">
      <UniqueIdentifier>{93995380-89BD-4b04-88EB-625FBE52EBFB}</UniqueIdentifier>
      <Extensions>h;hh;hpp;hxx;h++;hm;inl;inc;ipp;xsd</Extensions>
    </Filter>
    <Filter Include="Resource Files">
      <UniqueIdentifier>{67DA6AB6-F800-4c08-8B7A-83BB121AAD01}</UniqueIdentifier>
      <Extensions>rc;ico;cur;bmp;dlg;rc2;rct;bin;rgs;gif;jpg;jpeg;jpe;resx;tiff;tif;png;wav;mfcribbon-ms</Extensions>
    </Filter>
    <Filter Include="lectures">
      <UniqueIdentifier>{c906e555-1b1e-4311-abfe-78b4cdaeeab7}</UniqueIdentifier>
    </Filter>
    <Filter Include="lectures\001_fundamentals">
      <UniqueIdentifier>{aa4ae930-f89c-4299-be25-064a1fe6c5d4}</UniqueIdentifier>
    </Filter>
    <Filter Include="lectures\002_program_developments">
      <UniqueIdentifier>{e9ee7c61-d2a9-4c84-85ee-972b3c4d1a19}</UniqueIdentifier>
    </Filter>
    <Filter Include="lectures\005_basics">
      <UniqueIdentifier>{763cc5f4-a92e-4f3a-be62-e68814a3c161}</UniqueIdentifier>
    </Filter>
    <Filter Include="Source Files\005_basics">
      <UniqueIdentifier>{d5983718-bd95-4031-8d25-146f3cef5b69}</UniqueIdentifier>
    </Filter>
  </ItemGroup>
  <ItemGroup>
    <Text Include="..\..\lectures\001_fundamentals\01_how_computer_work.txt">
      <Filter>lectures\001_fundamentals</Filter>
    </Text>
    <Text Include="..\..\lectures\001_fundamentals\02_number_system.txt">
      <Filter>lectures\001_fundamentals</Filter>
    </Text>
    <Text Include="..\..\lectures\001_fundamentals\03_what_is_program.txt">
      <Filter>lectures\001_fundamentals</Filter>
    </Text>
    <Text Include="..\..\lectures\001_fundamentals\04_low_and_high_level.txt">
      <Filter>lectures\001_fundamentals</Filter>
    </Text>
    <Text Include="..\..\lectures\001_fundamentals\05_compiler_and_interpreter.txt">
      <Filter>lectures\001_fundamentals</Filter>
    </Text>
    <Text Include="..\..\lectures\001_fundamentals\06_operating_system.txt">
      <Filter>lectures\001_fundamentals</Filter>
    </Text>
    <Text Include="..\..\lectures\002_program_developments\01_programming_paradise.txt">
      <Filter>lectures\002_program_developments</Filter>
    </Text>
    <Text Include="..\..\lectures\002_program_developments\02_algorithm.txt">
      <Filter>lectures\002_program_developments</Filter>
    </Text>
    <Text Include="..\..\lectures\002_program_developments\03_flowchart.txt">
      <Filter>lectures\002_program_developments</Filter>
    </Text>
    <Text Include="..\..\lectures\002_program_developments\04_step_program_development.txt">
      <Filter>lectures\002_program_developments</Filter>
    </Text>
    <Text Include="..\..\lectures\005_basics\001_skeleton.txt">
      <Filter>lectures\005_basics</Filter>
    </Text>
    <Text Include="..\..\lectures\005_basics\002_how_to_write_program.txt">
      <Filter>lectures\005_basics</Filter>
    </Text>
  </ItemGroup>
  <ItemGroup>
    <ClCompile Include="001_first_program.cpp">
      <Filter>Source Files\005_basics</Filter>
    </ClCompile>
    <ClCompile Include="002_data_type.cpp">
      <Filter>Source Files\005_basics</Filter>
    </ClCompile>
  </ItemGroup>
</Project>